github.com/go-akka/configuration v0.0.0-20200606091224-a002c0330665 h1:Iz3aEheYgn+//VX7VisgCmF/wW3BMtXCLbvHV4jMQJA=
github.com/go-akka/configuration v0.0.0-20200606091224-a002c0330665/go.mod h1:19bUnum2ZAeftfwwLZ/wRe7idyfoW2MfmXO464Hrfbw=
github.com/gogap/config v0.0.0-20190801085516-e664631840ac h1:DubXGwTyEo8n1W1KYTXeuDsxKK3yowFEQHujAZRtpbg=
github.com/gogap/config v0.0.0-20190801085516-e664631840ac/go.mod h1:oBHg+chXMdjU9A6Dfj0vg/1ir/isLEGXftHwj70ZsV8=
github.com/gogap/go-pandoc v0.0.0-20200716062510-7550ed141704 h1:rZDEXKLGGW7Kw9X7+hOlUL9EkDaS+LC5prpntPKAaFQ=
github.com/gogap/go-pandoc v0.0.0-20200716062510-7550ed141704/go.mod h1:W5qJe+wDRA3kjCbzyUz+mMwfVUgP/0d/0QrKgFXRY8c=
github.com/google/uuid v1.0.0/go.mod h1:TIyPZe4MgqvfeYDBFedMoGGpEw/LqOeaOT+nhxU+yHo=
github.com/google/uuid v1.6.0 h1:NIvaJDMOsjHA8n1jAhLSgzrAzy1Hgr+hNrb57e+94F0=
github.com/google/uuid v1.6.0/go.mod h1:TIyPZe4MgqvfeYDBFedMoGGpEw/LqOeaOT+nhxU+yHo=
github.com/pborman/uuid v1.2.1 h1:+ZZIw58t/ozdjRaXh/3awHfmWRbzYxJoAdNJxe/3pvw=
github.com/pborman/uuid v1.2.1/go.mod h1:X/NO0urCmaxf9VXbdlT7C2Yzkj2IKimNn4k+gtPdI/k=
github.com/russross/blackfriday/v2 v2.1.0 h1:JIOH55/0cWyOuilr9/qlrm0BSXldqnqwMsf35Ld67mk=
github.com/russross/blackfriday/v2 v2.1.0/go.mod h1:+Rmxgy9KzJVeS9/2gXHxylqXiyQDYRxCVz55jmeOWTM=
golang.org/x/net v0.39.0 h1:ZCu7HMWDxpXpaiKdhzIfaltL9Lp31x/3fCP11bc6/fY=
golang.org/x/net v0.39.0/go.mod h1:X7NRbYVEA+ewNkCNyJ513WmMdQ3BineSwVtN2zD/d+E=
